
Microsoft Visual Studio Solution File, Format Version 12.00
# Visual Studio Version 17
VisualStudioVersion = 17.11.35327.3
MinimumVisualStudioVersion = 10.0.40219.1
Project("{8BC9CEB8-8B4A-11D0-8D11-00A0C91BC942}") = "ConsoleC++Application", "ConsoleC++Application.vcxproj", "{6B671ACB-5507-4155-B028-8CEDE6D62DCE}"
EndProject
Global
	GlobalSection(SolutionConfigurationPlatforms) = preSolution
		Debug|x64 = Debug|x64
		Debug|x86 = Debug|x86
		Release|x64 = Release|x64
		Release|x86 = Release|x86
	EndGlobalSection
	GlobalSection(ProjectConfigurationPlatforms) = postSolution
		{6B671ACB-5507-4155-B028-8CEDE6D62DCE}.Debug|x64.ActiveCfg = Debug|x64
		{6B671ACB-5507-4155-B028-8CEDE6D62DCE}.Debug|x64.Build.0 = Debug|x64
		{6B671ACB-5507-4155-B028-8CEDE6D62DCE}.Debug|x86.ActiveCfg = Debug|Win32
		{6B671ACB-5507-4155-B028-8CEDE6D62DCE}.Debug|x86.Build.0 = Debug|Win32
		{6B671ACB-5507-4155-B028-8CEDE6D62DCE}.Release|x64.ActiveCfg = Release|x64
		{6B671ACB-5507-4155-B028-8CEDE6D62DCE}.Release|x64.Build.0 = Release|x64
		{6B671ACB-5507-4155-B028-8CEDE6D62DCE}.Release|x86.ActiveCfg = Release|Win32
		{6B671ACB-5507-4155-B028-8CEDE6D62DCE}.Release|x86.Build.0 = Release|Win32
	EndGlobalSection
	GlobalSection(SolutionProperties) = preSolution
		HideSolutionNode = FALSE
	EndGlobalSection
	GlobalSection(ExtensibilityGlobals) = postSolution
		SolutionGuid = {B1F94E88-08C2-4D27-9CC2-5F506057D42E}
	EndGlobalSection
EndGlobal
